PODS:
  - MKRingProgressView (1.2)

DEPENDENCIES:
  - MKRingProgressView

SPEC REPOS:
  https://github.com/cocoapods/specs.git:
    - MKRingProgressView

SPEC CHECKSUMS:
  MKRingProgressView: 023e2241d1ef23b05cb9893aa4878395861e3902

PODFILE CHECKSUM: 3de47db6f77c4a41f923101c8ed29418f084f0ea

COCOAPODS: 1.5.3
